
Microsoft Visual Studio Solution File, Format Version 12.00
# Visual Studio Version 17
VisualStudioVersion = 17.0.32014.148
MinimumVisualStudioVersion = 10.0.40219.1
Project("{2150E333-8FDC-42A3-9474-1A3956D46DE8}") = "UI", "UI", "{4A451C9F-6004-41BB-853F-221CA929CEE1}"
EndProject
Project("{2150E333-8FDC-42A3-9474-1A3956D46DE8}") = "Services", "Services", "{3C77D54E-B2AF-4A34-B3B7-1730F70EA3F7}"
EndProject
Project("{2150E333-8FDC-42A3-9474-1A3956D46DE8}") = "Structures", "Structures", "{A2AB7DA7-2EBB-41F6-A0FD-07E374547687}"
EndProject
Project("{2150E333-8FDC-42A3-9474-1A3956D46DE8}") = "Common", "Common", "{66CAB7BF-A45C-441C-97AD-8768F8289715}"
EndProject
Project("{9A19103F-16F7-4668-BE54-9A1E7A4F7556}") = "CourseWork.Repository", "Common\CourseWork.Repository\CourseWork.Repository.csproj", "{8C87207B-52FC-49EC-BC6C-7150E9D7C735}"
EndProject
Project("{9A19103F-16F7-4668-BE54-9A1E7A4F7556}") = "CourseWork.Services", "Services\CourseWork.Services\CourseWork.Services.csproj", "{675E51CD-B930-4F12-B413-82C0EBC4878C}"
EndProject
Project("{9A19103F-16F7-4668-BE54-9A1E7A4F7556}") = "CourseWork.Structures", "Structures\CourseWork.Structures\CourseWork.Structures.csproj", "{8F37B569-7897-4923-B820-53BFD8F42695}"
EndProject
Project("{9A19103F-16F7-4668-BE54-9A1E7A4F7556}") = "CourseWork.ConsoleApp", "UI\CourseWork.ConsoleApp\CourseWork.ConsoleApp.csproj", "{CD534349-2F36-4BB4-9B80-94D14BFCF970}"
EndProject
Global
	GlobalSection(SolutionConfigurationPlatforms) = preSolution
		Debug|Any CPU = Debug|Any CPU
		Release|Any CPU = Release|Any CPU
	EndGlobalSection
	GlobalSection(ProjectConfigurationPlatforms) = postSolution
		{8C87207B-52FC-49EC-BC6C-7150E9D7C735}.Debug|Any CPU.ActiveCfg = Debug|Any CPU
		{8C87207B-52FC-49EC-BC6C-7150E9D7C735}.Debug|Any CPU.Build.0 = Debug|Any CPU
		{8C87207B-52FC-49EC-BC6C-7150E9D7C735}.Release|Any CPU.ActiveCfg = Release|Any CPU
		{8C87207B-52FC-49EC-BC6C-7150E9D7C735}.Release|Any CPU.Build.0 = Release|Any CPU
		{675E51CD-B930-4F12-B413-82C0EBC4878C}.Debug|Any CPU.ActiveCfg = Debug|Any CPU
		{675E51CD-B930-4F12-B413-82C0EBC4878C}.Debug|Any CPU.Build.0 = Debug|Any CPU
		{675E51CD-B930-4F12-B413-82C0EBC4878C}.Release|Any CPU.ActiveCfg = Release|Any CPU
		{675E51CD-B930-4F12-B413-82C0EBC4878C}.Release|Any CPU.Build.0 = Release|Any CPU
		{8F37B569-7897-4923-B820-53BFD8F42695}.Debug|Any CPU.ActiveCfg = Debug|Any CPU
		{8F37B569-7897-4923-B820-53BFD8F42695}.Debug|Any CPU.Build.0 = Debug|Any CPU
		{8F37B569-7897-4923-B820-53BFD8F42695}.Release|Any CPU.ActiveCfg = Release|Any CPU
		{8F37B569-7897-4923-B820-53BFD8F42695}.Release|Any CPU.Build.0 = Release|Any CPU
		{CD534349-2F36-4BB4-9B80-94D14BFCF970}.Debug|Any CPU.ActiveCfg = Debug|Any CPU
		{CD534349-2F36-4BB4-9B80-94D14BFCF970}.Debug|Any CPU.Build.0 = Debug|Any CPU
		{CD534349-2F36-4BB4-9B80-94D14BFCF970}.Release|Any CPU.ActiveCfg = Release|Any CPU
		{CD534349-2F36-4BB4-9B80-94D14BFCF970}.Release|Any CPU.Build.0 = Release|Any CPU
	EndGlobalSection
	GlobalSection(SolutionProperties) = preSolution
		HideSolutionNode = FALSE
	EndGlobalSection
	GlobalSection(NestedProjects) = preSolution
		{8C87207B-52FC-49EC-BC6C-7150E9D7C735} = {66CAB7BF-A45C-441C-97AD-8768F8289715}
		{675E51CD-B930-4F12-B413-82C0EBC4878C} = {3C77D54E-B2AF-4A34-B3B7-1730F70EA3F7}
		{8F37B569-7897-4923-B820-53BFD8F42695} = {A2AB7DA7-2EBB-41F6-A0FD-07E374547687}
		{CD534349-2F36-4BB4-9B80-94D14BFCF970} = {4A451C9F-6004-41BB-853F-221CA929CEE1}
	EndGlobalSection
	GlobalSection(ExtensibilityGlobals) = postSolution
		SolutionGuid = {DF11549A-31C4-463E-98F7-5F34209728EF}
	EndGlobalSection
EndGlobal
