
Microsoft Visual Studio Solution File, Format Version 12.00
# Visual Studio Version 17
VisualStudioVersion = 17.0.32014.148
MinimumVisualStudioVersion = 10.0.40219.1
Project("{FAE04EC0-301F-11D3-BF4B-00C04F79EFBC}") = "CourseWork_Algorithms_Data Structures", "CourseWork_Algorithms_Data Structures\CourseWork_Algorithms_Data Structures.csproj", "{46211265-B0DF-4E71-847B-34242A5F9AB5}"
EndProject
Global
	GlobalSection(SolutionConfigurationPlatforms) = preSolution
		Debug|Any CPU = Debug|Any CPU
		Release|Any CPU = Release|Any CPU
	EndGlobalSection
	GlobalSection(ProjectConfigurationPlatforms) = postSolution
		{46211265-B0DF-4E71-847B-34242A5F9AB5}.Debug|Any CPU.ActiveCfg = Debug|Any CPU
		{46211265-B0DF-4E71-847B-34242A5F9AB5}.Debug|Any CPU.Build.0 = Debug|Any CPU
		{46211265-B0DF-4E71-847B-34242A5F9AB5}.Release|Any CPU.ActiveCfg = Release|Any CPU
		{46211265-B0DF-4E71-847B-34242A5F9AB5}.Release|Any CPU.Build.0 = Release|Any CPU
	EndGlobalSection
	GlobalSection(SolutionProperties) = preSolution
		HideSolutionNode = FALSE
	EndGlobalSection
	GlobalSection(ExtensibilityGlobals) = postSolution
		SolutionGuid = {DF11549A-31C4-463E-98F7-5F34209728EF}
	EndGlobalSection
EndGlobal
